
Microsoft Visual Studio Solution File, Format Version 12.00
# Visual Studio Version 17
VisualStudioVersion = 17.12.35527.113 d17.12
MinimumVisualStudioVersion = 10.0.40219.1
Project("{FAE04EC0-301F-11D3-BF4B-00C04F79EFBC}") = "AttendanceAPI", "AttendanceAPI\AttendanceAPI.csproj", "{CCFEB7FC-651A-4289-B9FA-AECA0B1D1E63}"
EndProject
Global
	GlobalSection(SolutionConfigurationPlatforms) = preSolution
		Debug|Any CPU = Debug|Any CPU
		Release|Any CPU = Release|Any CPU
	EndGlobalSection
	GlobalSection(ProjectConfigurationPlatforms) = postSolution
		{CCFEB7FC-651A-4289-B9FA-AECA0B1D1E63}.Debug|Any CPU.ActiveCfg = Debug|Any CPU
		{CCFEB7FC-651A-4289-B9FA-AECA0B1D1E63}.Debug|Any CPU.Build.0 = Debug|Any CPU
		{CCFEB7FC-651A-4289-B9FA-AECA0B1D1E63}.Release|Any CPU.ActiveCfg = Release|Any CPU
		{CCFEB7FC-651A-4289-B9FA-AECA0B1D1E63}.Release|Any CPU.Build.0 = Release|Any CPU
	EndGlobalSection
	GlobalSection(SolutionProperties) = preSolution
		HideSolutionNode = FALSE
	EndGlobalSection
EndGlobal
